
Microsoft Visual Studio Solution File, Format Version 12.00
# Visual Studio Version 16
VisualStudioVersion = 16.0.31424.327
MinimumVisualStudioVersion = 10.0.40219.1
Project("{FAE04EC0-301F-11D3-BF4B-00C04F79EFBC}") = "AntiAfkV2", "AntiAfkV2\AntiAfkV2.csproj", "{9946B5C4-62D4-4219-BD4B-0C2A4651FF22}"
EndProject
Global
	GlobalSection(SolutionConfigurationPlatforms) = preSolution
		Debug|Any CPU = Debug|Any CPU
		Release|Any CPU = Release|Any CPU
	EndGlobalSection
	GlobalSection(ProjectConfigurationPlatforms) = postSolution
		{9946B5C4-62D4-4219-BD4B-0C2A4651FF22}.Debug|Any CPU.ActiveCfg = Debug|Any CPU
		{9946B5C4-62D4-4219-BD4B-0C2A4651FF22}.Debug|Any CPU.Build.0 = Debug|Any CPU
		{9946B5C4-62D4-4219-BD4B-0C2A4651FF22}.Release|Any CPU.ActiveCfg = Release|Any CPU
		{9946B5C4-62D4-4219-BD4B-0C2A4651FF22}.Release|Any CPU.Build.0 = Release|Any CPU
	EndGlobalSection
	GlobalSection(SolutionProperties) = preSolution
		HideSolutionNode = FALSE
	EndGlobalSection
	GlobalSection(ExtensibilityGlobals) = postSolution
		SolutionGuid = {766C9442-B4CC-495E-A846-8FE101B70092}
	EndGlobalSection
EndGlobal
